
Microsoft Visual Studio Solution File, Format Version 12.00
# Visual Studio 15
VisualStudioVersion = 15.0.28307.572
MinimumVisualStudioVersion = 10.0.40219.1
Project("{FAE04EC0-301F-11D3-BF4B-00C04F79EFBC}") = "CalculatorChallenge", "CalculatorChallenge.csproj", "{7B8803FB-78EA-490C-923B-DCA34191629B}"
EndProject
Project("{FAE04EC0-301F-11D3-BF4B-00C04F79EFBC}") = "Calculator.Domain", "Calculator.Domain1\Calculator.Domain.csproj", "{14E24359-E596-4EAC-9EB7-1490F0370B8E}"
EndProject
Global
	GlobalSection(SolutionConfigurationPlatforms) = preSolution
		Debug|Any CPU = Debug|Any CPU
		Release|Any CPU = Release|Any CPU
	EndGlobalSection
	GlobalSection(ProjectConfigurationPlatforms) = postSolution
		{7B8803FB-78EA-490C-923B-DCA34191629B}.Debug|Any CPU.ActiveCfg = Debug|Any CPU
		{7B8803FB-78EA-490C-923B-DCA34191629B}.Debug|Any CPU.Build.0 = Debug|Any CPU
		{7B8803FB-78EA-490C-923B-DCA34191629B}.Release|Any CPU.ActiveCfg = Release|Any CPU
		{7B8803FB-78EA-490C-923B-DCA34191629B}.Release|Any CPU.Build.0 = Release|Any CPU
		{14E24359-E596-4EAC-9EB7-1490F0370B8E}.Debug|Any CPU.ActiveCfg = Debug|Any CPU
		{14E24359-E596-4EAC-9EB7-1490F0370B8E}.Debug|Any CPU.Build.0 = Debug|Any CPU
		{14E24359-E596-4EAC-9EB7-1490F0370B8E}.Release|Any CPU.ActiveCfg = Release|Any CPU
		{14E24359-E596-4EAC-9EB7-1490F0370B8E}.Release|Any CPU.Build.0 = Release|Any CPU
	EndGlobalSection
	GlobalSection(SolutionProperties) = preSolution
		HideSolutionNode = FALSE
	EndGlobalSection
	GlobalSection(ExtensibilityGlobals) = postSolution
		SolutionGuid = {7C1F259C-3765-4C69-88E9-386DC7BAC0A0}
	EndGlobalSection
EndGlobal
